
Microsoft Visual Studio Solution File, Format Version 12.00
# Visual Studio 2012
Project("{2150E333-8FDC-42A3-9474-1A3956D46DE8}") = "Solution Items", "Solution Items", "{B029E00F-A5C4-425D-B72E-E6CA517F19FF}"
	ProjectSection(SolutionItems) = preProject
		Local.testsettings = Local.testsettings
		StarEnergi.vsmdi = StarEnergi.vsmdi
		TraceAndTestImpact.testsettings = TraceAndTestImpact.testsettings
	EndProjectSection
EndProject
Project("{FAE04EC0-301F-11D3-BF4B-00C04F79EFBC}") = "StarEnergi", "StarEnergi\StarEnergi.csproj", "{60DF31F0-8AD0-4830-A917-870E7B414AF6}"
EndProject
Project("{FAE04EC0-301F-11D3-BF4B-00C04F79EFBC}") = "StarEnergiTests", "StarEnergiTests\StarEnergiTests.csproj", "{B0E72037-F26B-47D6-9D6C-8392EFF0DCFC}"
EndProject
Global
	GlobalSection(TestCaseManagementSettings) = postSolution
		CategoryFile = StarEnergi.vsmdi
	EndGlobalSection
	GlobalSection(SolutionConfigurationPlatforms) = preSolution
		Debug|Any CPU = Debug|Any CPU
		Release|Any CPU = Release|Any CPU
	EndGlobalSection
	GlobalSection(ProjectConfigurationPlatforms) = postSolution
		{60DF31F0-8AD0-4830-A917-870E7B414AF6}.Debug|Any CPU.ActiveCfg = Debug|Any CPU
		{60DF31F0-8AD0-4830-A917-870E7B414AF6}.Debug|Any CPU.Build.0 = Debug|Any CPU
		{60DF31F0-8AD0-4830-A917-870E7B414AF6}.Release|Any CPU.ActiveCfg = Release|Any CPU
		{60DF31F0-8AD0-4830-A917-870E7B414AF6}.Release|Any CPU.Build.0 = Release|Any CPU
		{B0E72037-F26B-47D6-9D6C-8392EFF0DCFC}.Debug|Any CPU.ActiveCfg = Debug|Any CPU
		{B0E72037-F26B-47D6-9D6C-8392EFF0DCFC}.Debug|Any CPU.Build.0 = Debug|Any CPU
		{B0E72037-F26B-47D6-9D6C-8392EFF0DCFC}.Release|Any CPU.ActiveCfg = Release|Any CPU
		{B0E72037-F26B-47D6-9D6C-8392EFF0DCFC}.Release|Any CPU.Build.0 = Release|Any CPU
	EndGlobalSection
	GlobalSection(SolutionProperties) = preSolution
		HideSolutionNode = FALSE
	EndGlobalSection
EndGlobal
